
Microsoft Visual Studio Solution File, Format Version 12.00
# Visual Studio 2012
Project("{FAE04EC0-301F-11D3-BF4B-00C04F79EFBC}") = "RazorPractice", "RazorPractice\RazorPractice.csproj", "{425047FE-79B2-4E47-B423-8FD6BE2A1BFB}"
EndProject
Global
	GlobalSection(SolutionConfigurationPlatforms) = preSolution
		Debug|Any CPU = Debug|Any CPU
		Release|Any CPU = Release|Any CPU
	EndGlobalSection
	GlobalSection(ProjectConfigurationPlatforms) = postSolution
		{425047FE-79B2-4E47-B423-8FD6BE2A1BFB}.Debug|Any CPU.ActiveCfg = Debug|Any CPU
		{425047FE-79B2-4E47-B423-8FD6BE2A1BFB}.Debug|Any CPU.Build.0 = Debug|Any CPU
		{425047FE-79B2-4E47-B423-8FD6BE2A1BFB}.Release|Any CPU.ActiveCfg = Release|Any CPU
		{425047FE-79B2-4E47-B423-8FD6BE2A1BFB}.Release|Any CPU.Build.0 = Release|Any CPU
	EndGlobalSection
EndGlobal
